
Microsoft Visual Studio Solution File, Format Version 12.00
# Visual Studio Version 16
VisualStudioVersion = 16.0.31515.178
MinimumVisualStudioVersion = 10.0.40219.1
Project("{FAE04EC0-301F-11D3-BF4B-00C04F79EFBC}") = "ToDo.Bot", "src\ToDo.Bot\ToDo.Bot.csproj", "{146EF827-0F51-4FBC-8417-80CF85824C01}"
EndProject
Global
	GlobalSection(SolutionConfigurationPlatforms) = preSolution
		Debug|Any CPU = Debug|Any CPU
		Release|Any CPU = Release|Any CPU
	EndGlobalSection
	GlobalSection(ProjectConfigurationPlatforms) = postSolution
		{146EF827-0F51-4FBC-8417-80CF85824C01}.Debug|Any CPU.ActiveCfg = Debug|Any CPU
		{146EF827-0F51-4FBC-8417-80CF85824C01}.Debug|Any CPU.Build.0 = Debug|Any CPU
		{146EF827-0F51-4FBC-8417-80CF85824C01}.Release|Any CPU.ActiveCfg = Release|Any CPU
		{146EF827-0F51-4FBC-8417-80CF85824C01}.Release|Any CPU.Build.0 = Release|Any CPU
	EndGlobalSection
	GlobalSection(SolutionProperties) = preSolution
		HideSolutionNode = FALSE
	EndGlobalSection
	GlobalSection(ExtensibilityGlobals) = postSolution
		SolutionGuid = {3EF0DD8D-DDE0-4D28-B04C-DF120860121F}
	EndGlobalSection
EndGlobal
